// !$*UTF8*$!
{
	archiveVersion = 1;
	classes = {
	};
	objectVersion = 50;
	objects = {

/* Begin PBXBuildFile section */
		534113472278898300B095A0 /* AppDelegate.swift in Sources */ = {isa = PBXBuildFile; fileRef = 534113462278898300B095A0 /* AppDelegate.swift */; };
		534113492278898300B095A0 /* ViewController.swift in Sources */ = {isa = PBXBuildFile; fileRef = 534113482278898300B095A0 /* ViewController.swift */; };
		5341134C2278898300B095A0 /* Main.storyboard in Resources */ = {isa = PBXBuildFile; fileRef = 5341134A2278898300B095A0 /* Main.storyboard */; };
		5341134F2278898300B095A0 /* WhetherInfo.xcdatamodeld in Sources */ = {isa = PBXBuildFile; fileRef = 5341134D2278898300B095A0 /* WhetherInfo.xcdatamodeld */; };
		534113512278898400B095A0 /* Assets.xcassets in Resources */ = {isa = PBXBuildFile; fileRef = 534113502278898400B095A0 /* Assets.xcassets */; };
		534113542278898400B095A0 /* LaunchScreen.storyboard in Resources */ = {isa = PBXBuildFile; fileRef = 534113522278898400B095A0 /* LaunchScreen.storyboard */; };
		5341135F2278898400B095A0 /* WhetherInfoTests.swift in Sources */ = {isa = PBXBuildFile; fileRef = 5341135E2278898400B095A0 /* WhetherInfoTests.swift */; };
		5341136A2278898500B095A0 /* WhetherInfoUITests.swift in Sources */ = {isa = PBXBuildFile; fileRef = 534113692278898500B095A0 /* WhetherInfoUITests.swift */; };
		5341137E22788A1900B095A0 /* NetworkManager.swift in Sources */ = {isa = PBXBuildFile; fileRef = 5341137D22788A1900B095A0 /* NetworkManager.swift */; };
		5341138022788A6300B095A0 /* JSONError.swift in Sources */ = {isa = PBXBuildFile; fileRef = 5341137F22788A6300B095A0 /* JSONError.swift */; };
		5341138222788A8600B095A0 /* WhetherData.swift in Sources */ = {isa = PBXBuildFile; fileRef = 5341138122788A8600B095A0 /* WhetherData.swift */; };
		534113852278C4B700B095A0 /* WhetherTableViewCell.swift in Sources */ = {isa = PBXBuildFile; fileRef = 534113832278C4B700B095A0 /* WhetherTableViewCell.swift */; };
		534113862278C4B700B095A0 /* WhetherTableViewCell.xib in Resources */ = {isa = PBXBuildFile; fileRef = 534113842278C4B700B095A0 /* WhetherTableViewCell.xib */; };
		534113882278C66200B095A0 /* DetailedTemperatureViewController.swift in Sources */ = {isa = PBXBuildFile; fileRef = 534113872278C66200B095A0 /* DetailedTemperatureViewController.swift */; };
		5341138C227966D200B095A0 /* CoreDataManager.swift in Sources */ = {isa = PBXBuildFile; fileRef = 5341138B227966D100B095A0 /* CoreDataManager.swift */; };
		5341138E22798EBA00B095A0 /* WhetherURLs.swift in Sources */ = {isa = PBXBuildFile; fileRef = 5341138D22798EBA00B095A0 /* WhetherURLs.swift */; };
/* End PBXBuildFile section */

/* Begin PBXContainerItemProxy section */
		5341135B2278898400B095A0 /* PBXContainerItemProxy */ = {
			isa = PBXContainerItemProxy;
			containerPortal = 5341133B2278898300B095A0 /* Project object */;
			proxyType = 1;
			remoteGlobalIDString = 534113422278898300B095A0;
			remoteInfo = WhetherInfo;
		};
		534113662278898500B095A0 /* PBXContainerItemProxy */ = {
			isa = PBXContainerItemProxy;
			containerPortal = 5341133B2278898300B095A0 /* Project object */;
			proxyType = 1;
			remoteGlobalIDString = 534113422278898300B095A0;
			remoteInfo = WhetherInfo;
		};
/* End PBXContainerItemProxy section */

/* Begin PBXFileReference section */
		534113432278898300B095A0 /* WhetherInfo.app */ = {isa = PBXFileReference; explicitFileType = wrapper.application; includeInIndex = 0; path = WhetherInfo.app; sourceTree = BUILT_PRODUCTS_DIR; };
		534113462278898300B095A0 /* AppDelegate.swift */ = {isa = PBXFileReference; lastKnownFileType = sourcecode.swift; path = AppDelegate.swift; sourceTree = "<group>"; };
		534113482278898300B095A0 /* ViewController.swift */ = {isa = PBXFileReference; lastKnownFileType = sourcecode.swift; path = ViewController.swift; sourceTree = "<group>"; };
		5341134B2278898300B095A0 /* Base */ = {isa = PBXFileReference; lastKnownFileType = file.storyboard; name = Base; path = Base.lproj/Main.storyboard; sourceTree = "<group>"; };
		5341134E2278898300B095A0 /* WhetherInfo.xcdatamodel */ = {isa = PBXFileReference; lastKnownFileType = wrapper.xcdatamodel; path = WhetherInfo.xcdatamodel; sourceTree = "<group>"; };
		534113502278898400B095A0 /* Assets.xcassets */ = {isa = PBXFileReference; lastKnownFileType = folder.assetcatalog; path = Assets.xcassets; sourceTree = "<group>"; };
		534113532278898400B095A0 /* Base */ = {isa = PBXFileReference; lastKnownFileType = file.storyboard; name = Base; path = Base.lproj/LaunchScreen.storyboard; sourceTree = "<group>"; };
		534113552278898400B095A0 /* Info.plist */ = {isa = PBXFileReference; lastKnownFileType = text.plist.xml; path = Info.plist; sourceTree = "<group>"; };
		5341135A2278898400B095A0 /* WhetherInfoTests.xctest */ = {isa = PBXFileReference; explicitFileType = wrapper.cfbundle; includeInIndex = 0; path = WhetherInfoTests.xctest; sourceTree = BUILT_PRODUCTS_DIR; };
		5341135E2278898400B095A0 /* WhetherInfoTests.swift */ = {isa = PBXFileReference; lastKnownFileType = sourcecode.swift; path = WhetherInfoTests.swift; sourceTree = "<group>"; };
		534113602278898400B095A0 /* Info.plist */ = {isa = PBXFileReference; lastKnownFileType = text.plist.xml; path = Info.plist; sourceTree = "<group>"; };
		534113652278898500B095A0 /* WhetherInfoUITests.xctest */ = {isa = PBXFileReference; explicitFileType = wrapper.cfbundle; includeInIndex = 0; path = WhetherInfoUITests.xctest; sourceTree = BUILT_PRODUCTS_DIR; };
		534113692278898500B095A0 /* WhetherInfoUITests.swift */ = {isa = PBXFileReference; lastKnownFileType = sourcecode.swift; path = WhetherInfoUITests.swift; sourceTree = "<group>"; };
		5341136B2278898500B095A0 /* Info.plist */ = {isa = PBXFileReference; lastKnownFileType = text.plist.xml; path = Info.plist; sourceTree = "<group>"; };
		5341137D22788A1900B095A0 /* NetworkManager.swift */ = {isa = PBXFileReference; lastKnownFileType = sourcecode.swift; path = NetworkManager.swift; sourceTree = "<group>"; };
		5341137F22788A6300B095A0 /* JSONError.swift */ = {isa = PBXFileReference; lastKnownFileType = sourcecode.swift; path = JSONError.swift; sourceTree = "<group>"; };
		5341138122788A8600B095A0 /* WhetherData.swift */ = {isa = PBXFileReference; lastKnownFileType = sourcecode.swift; path = WhetherData.swift; sourceTree = "<group>"; };
		534113832278C4B700B095A0 /* WhetherTableViewCell.swift */ = {isa = PBXFileReference; lastKnownFileType = sourcecode.swift; path = WhetherTableViewCell.swift; sourceTree = "<group>"; };
		534113842278C4B700B095A0 /* WhetherTableViewCell.xib */ = {isa = PBXFileReference; lastKnownFileType = file.xib; path = WhetherTableViewCell.xib; sourceTree = "<group>"; };
		534113872278C66200B095A0 /* DetailedTemperatureViewController.swift */ = {isa = PBXFileReference; lastKnownFileType = sourcecode.swift; path = DetailedTemperatureViewController.swift; sourceTree = "<group>"; };
		5341138B227966D100B095A0 /* CoreDataManager.swift */ = {isa = PBXFileReference; lastKnownFileType = sourcecode.swift; path = CoreDataManager.swift; sourceTree = "<group>"; };
		5341138D22798EBA00B095A0 /* WhetherURLs.swift */ = {isa = PBXFileReference; lastKnownFileType = sourcecode.swift; path = WhetherURLs.swift; sourceTree = "<group>"; };
/* End PBXFileReference section */

/* Begin PBXFrameworksBuildPhase section */
		534113402278898300B095A0 /* Frameworks */ = {
			isa = PBXFrameworksBuildPhase;
			buildActionMask = 2147483647;
			files = (
			);
			runOnlyForDeploymentPostprocessing = 0;
		};
		534113572278898400B095A0 /* Frameworks */ = {
			isa = PBXFrameworksBuildPhase;
			buildActionMask = 2147483647;
			files = (
			);
			runOnlyForDeploymentPostprocessing = 0;
		};
		534113622278898500B095A0 /* Frameworks */ = {
			isa = PBXFrameworksBuildPhase;
			buildActionMask = 2147483647;
			files = (
			);
			runOnlyForDeploymentPostprocessing = 0;
		};
/* End PBXFrameworksBuildPhase section */

/* Begin PBXGroup section */
		5341133A2278898300B095A0 = {
			isa = PBXGroup;
			children = (
				534113452278898300B095A0 /* WhetherInfo */,
				5341135D2278898400B095A0 /* WhetherInfoTests */,
				534113682278898500B095A0 /* WhetherInfoUITests */,
				534113442278898300B095A0 /* Products */,
			);
			sourceTree = "<group>";
		};
		534113442278898300B095A0 /* Products */ = {
			isa = PBXGroup;
			children = (
				534113432278898300B095A0 /* WhetherInfo.app */,
				5341135A2278898400B095A0 /* WhetherInfoTests.xctest */,
				534113652278898500B095A0 /* WhetherInfoUITests.xctest */,
			);
			name = Products;
			sourceTree = "<group>";
		};
		534113452278898300B095A0 /* WhetherInfo */ = {
			isa = PBXGroup;
			children = (
				53411389227966B300B095A0 /* CoreData */,
				5341137C227889D500B095A0 /* Storyboard */,
				5341137B227889C400B095A0 /* Enum */,
				5341137A227889B100B095A0 /* NetworkManager */,
				53411379227889A800B095A0 /* Controller */,
				53411378227889A100B095A0 /* View */,
				534113772278899100B095A0 /* Model */,
				534113502278898400B095A0 /* Assets.xcassets */,
				534113522278898400B095A0 /* LaunchScreen.storyboard */,
				534113552278898400B095A0 /* Info.plist */,
				5341134D2278898300B095A0 /* WhetherInfo.xcdatamodeld */,
			);
			path = WhetherInfo;
			sourceTree = "<group>";
		};
		5341135D2278898400B095A0 /* WhetherInfoTests */ = {
			isa = PBXGroup;
			children = (
				5341135E2278898400B095A0 /* WhetherInfoTests.swift */,
				534113602278898400B095A0 /* Info.plist */,
			);
			path = WhetherInfoTests;
			sourceTree = "<group>";
		};
		534113682278898500B095A0 /* WhetherInfoUITests */ = {
			isa = PBXGroup;
			children = (
				534113692278898500B095A0 /* WhetherInfoUITests.swift */,
				5341136B2278898500B095A0 /* Info.plist */,
			);
			path = WhetherInfoUITests;
			sourceTree = "<group>";
		};
		534113772278899100B095A0 /* Model */ = {
			isa = PBXGroup;
			children = (
				5341138122788A8600B095A0 /* WhetherData.swift */,
			);
			path = Model;
			sourceTree = "<group>";
		};
		53411378227889A100B095A0 /* View */ = {
			isa = PBXGroup;
			children = (
				534113832278C4B700B095A0 /* WhetherTableViewCell.swift */,
				534113842278C4B700B095A0 /* WhetherTableViewCell.xib */,
			);
			path = View;
			sourceTree = "<group>";
		};
		53411379227889A800B095A0 /* Controller */ = {
			isa = PBXGroup;
			children = (
				534113462278898300B095A0 /* AppDelegate.swift */,
				534113482278898300B095A0 /* ViewController.swift */,
				534113872278C66200B095A0 /* DetailedTemperatureViewController.swift */,
			);
			path = Controller;
			sourceTree = "<group>";
		};
		5341137A227889B100B095A0 /* NetworkManager */ = {
			isa = PBXGroup;
			children = (
				5341137D22788A1900B095A0 /* NetworkManager.swift */,
			);
			path = NetworkManager;
			sourceTree = "<group>";
		};
		5341137B227889C400B095A0 /* Enum */ = {
			isa = PBXGroup;
			children = (
				5341137F22788A6300B095A0 /* JSONError.swift */,
				5341138D22798EBA00B095A0 /* WhetherURLs.swift */,
			);
			path = Enum;
			sourceTree = "<group>";
		};
		5341137C227889D500B095A0 /* Storyboard */ = {
			isa = PBXGroup;
			children = (
				5341134A2278898300B095A0 /* Main.storyboard */,
			);
			path = Storyboard;
			sourceTree = "<group>";
		};
		53411389227966B300B095A0 /* CoreData */ = {
			isa = PBXGroup;
			children = (
				5341138B227966D100B095A0 /* CoreDataManager.swift */,
			);
			path = CoreData;
			sourceTree = "<group>";
		};
/* End PBXGroup section */

/* Begin PBXNativeTarget section */
		534113422278898300B095A0 /* WhetherInfo */ = {
			isa = PBXNativeTarget;
			buildConfigurationList = 5341136E2278898500B095A0 /* Build configuration list for PBXNativeTarget "WhetherInfo" */;
			buildPhases = (
				5341133F2278898300B095A0 /* Sources */,
				534113402278898300B095A0 /* Frameworks */,
				534113412278898300B095A0 /* Resources */,
			);
			buildRules = (
			);
			dependencies = (
			);
			name = WhetherInfo;
			productName = WhetherInfo;
			productReference = 534113432278898300B095A0 /* WhetherInfo.app */;
			productType = "com.apple.product-type.application";
		};
		534113592278898400B095A0 /* WhetherInfoTests */ = {
			isa = PBXNativeTarget;
			buildConfigurationList = 534113712278898500B095A0 /* Build configuration list for PBXNativeTarget "WhetherInfoTests" */;
			buildPhases = (
				534113562278898400B095A0 /* Sources */,
				534113572278898400B095A0 /* Frameworks */,
				534113582278898400B095A0 /* Resources */,
			);
			buildRules = (
			);
			dependencies = (
				5341135C2278898400B095A0 /* PBXTargetDependency */,
			);
			name = WhetherInfoTests;
			productName = WhetherInfoTests;
			productReference = 5341135A2278898400B095A0 /* WhetherInfoTests.xctest */;
			productType = "com.apple.product-type.bundle.unit-test";
		};
		534113642278898500B095A0 /* WhetherInfoUITests */ = {
			isa = PBXNativeTarget;
			buildConfigurationList = 534113742278898500B095A0 /* Build configuration list for PBXNativeTarget "WhetherInfoUITests" */;
			buildPhases = (
				534113612278898500B095A0 /* Sources */,
				534113622278898500B095A0 /* Frameworks */,
				534113632278898500B095A0 /* Resources */,
			);
			buildRules = (
			);
			dependencies = (
				534113672278898500B095A0 /* PBXTargetDependency */,
			);
			name = WhetherInfoUITests;
			productName = WhetherInfoUITests;
			productReference = 534113652278898500B095A0 /* WhetherInfoUITests.xctest */;
			productType = "com.apple.product-type.bundle.ui-testing";
		};
/* End PBXNativeTarget section */

/* Begin PBXProject section */
		5341133B2278898300B095A0 /* Project object */ = {
			isa = PBXProject;
			attributes = {
				LastSwiftUpdateCheck = 1010;
				LastUpgradeCheck = 1010;
				ORGANIZATIONNAME = "Suraj Kodre";
				TargetAttributes = {
					534113422278898300B095A0 = {
						CreatedOnToolsVersion = 10.1;
					};
					534113592278898400B095A0 = {
						CreatedOnToolsVersion = 10.1;
						TestTargetID = 534113422278898300B095A0;
					};
					534113642278898500B095A0 = {
						CreatedOnToolsVersion = 10.1;
						TestTargetID = 534113422278898300B095A0;
					};
				};
			};
			buildConfigurationList = 5341133E2278898300B095A0 /* Build configuration list for PBXProject "WhetherInfo" */;
			compatibilityVersion = "Xcode 9.3";
			developmentRegion = en;
			hasScannedForEncodings = 0;
			knownRegions = (
				en,
				Base,
			);
			mainGroup = 5341133A2278898300B095A0;
			productRefGroup = 534113442278898300B095A0 /* Products */;
			projectDirPath = "";
			projectRoot = "";
			targets = (
				534113422278898300B095A0 /* WhetherInfo */,
				534113592278898400B095A0 /* WhetherInfoTests */,
				534113642278898500B095A0 /* WhetherInfoUITests */,
			);
		};
/* End PBXProject section */

/* Begin PBXResourcesBuildPhase section */
		534113412278898300B095A0 /* Resources */ = {
			isa = PBXResourcesBuildPhase;
			buildActionMask = 2147483647;
			files = (
				534113542278898400B095A0 /* LaunchScreen.storyboard in Resources */,
				534113512278898400B095A0 /* Assets.xcassets in Resources */,
				5341134C2278898300B095A0 /* Main.storyboard in Resources */,
				534113862278C4B700B095A0 /* WhetherTableViewCell.xib in Resources */,
			);
			runOnlyForDeploymentPostprocessing = 0;
		};
		534113582278898400B095A0 /* Resources */ = {
			isa = PBXResourcesBuildPhase;
			buildActionMask = 2147483647;
			files = (
			);
			runOnlyForDeploymentPostprocessing = 0;
		};
		534113632278898500B095A0 /* Resources */ = {
			isa = PBXResourcesBuildPhase;
			buildActionMask = 2147483647;
			files = (
			);
			runOnlyForDeploymentPostprocessing = 0;
		};
/* End PBXResourcesBuildPhase section */

/* Begin PBXSourcesBuildPhase section */
		5341133F2278898300B095A0 /* Sources */ = {
			isa = PBXSourcesBuildPhase;
			buildActionMask = 2147483647;
			files = (
				5341138022788A6300B095A0 /* JSONError.swift in Sources */,
				5341137E22788A1900B095A0 /* NetworkManager.swift in Sources */,
				534113852278C4B700B095A0 /* WhetherTableViewCell.swift in Sources */,
				5341138E22798EBA00B095A0 /* WhetherURLs.swift in Sources */,
				534113882278C66200B095A0 /* DetailedTemperatureViewController.swift in Sources */,
				534113492278898300B095A0 /* ViewController.swift in Sources */,
				5341138222788A8600B095A0 /* WhetherData.swift in Sources */,
				5341138C227966D200B095A0 /* CoreDataManager.swift in Sources */,
				534113472278898300B095A0 /* AppDelegate.swift in Sources */,
				5341134F2278898300B095A0 /* WhetherInfo.xcdatamodeld in Sources */,
			);
			runOnlyForDeploymentPostprocessing = 0;
		};
		534113562278898400B095A0 /* Sources */ = {
			isa = PBXSourcesBuildPhase;
			buildActionMask = 2147483647;
			files = (
				5341135F2278898400B095A0 /* WhetherInfoTests.swift in Sources */,
			);
			runOnlyForDeploymentPostprocessing = 0;
		};
		534113612278898500B095A0 /* Sources */ = {
			isa = PBXSourcesBuildPhase;
			buildActionMask = 2147483647;
			files = (
				5341136A2278898500B095A0 /* WhetherInfoUITests.swift in Sources */,
			);
			runOnlyForDeploymentPostprocessing = 0;
		};
/* End PBXSourcesBuildPhase section */

/* Begin PBXTargetDependency section */
		5341135C2278898400B095A0 /* PBXTargetDependency */ = {
			isa = PBXTargetDependency;
			target = 534113422278898300B095A0 /* WhetherInfo */;
			targetProxy = 5341135B2278898400B095A0 /* PBXContainerItemProxy */;
		};
		534113672278898500B095A0 /* PBXTargetDependency */ = {
			isa = PBXTargetDependency;
			target = 534113422278898300B095A0 /* WhetherInfo */;
			targetProxy = 534113662278898500B095A0 /* PBXContainerItemProxy */;
		};
/* End PBXTargetDependency section */

/* Begin PBXVariantGroup section */
		5341134A2278898300B095A0 /* Main.storyboard */ = {
			isa = PBXVariantGroup;
			children = (
				5341134B2278898300B095A0 /* Base */,
			);
			name = Main.storyboard;
			sourceTree = "<group>";
		};
		534113522278898400B095A0 /* LaunchScreen.storyboard */ = {
			isa = PBXVariantGroup;
			children = (
				534113532278898400B095A0 /* Base */,
			);
			name = LaunchScreen.storyboard;
			sourceTree = "<group>";
		};
/* End PBXVariantGroup section */

/* Begin XCBuildConfiguration section */
		5341136C2278898500B095A0 /* Debug */ = {
			isa = XCBuildConfiguration;
			buildSettings = {
				ALWAYS_SEARCH_USER_PATHS = NO;
				CLANG_ANALYZER_NONNULL = YES;
				CLANG_ANALYZER_NUMBER_OBJECT_CONVERSION = YES_AGGRESSIVE;
				CLANG_CXX_LANGUAGE_STANDARD = "gnu++14";
				CLANG_CXX_LIBRARY = "libc++";
				CLANG_ENABLE_MODULES = YES;
				CLANG_ENABLE_OBJC_ARC = YES;
				CLANG_ENABLE_OBJC_WEAK = YES;
				CLANG_WARN_BLOCK_CAPTURE_AUTORELEASING = YES;
				CLANG_WARN_BOOL_CONVERSION = YES;
				CLANG_WARN_COMMA = YES;
				CLANG_WARN_CONSTANT_CONVERSION = YES;
				CLANG_WARN_DEPRECATED_OBJC_IMPLEMENTATIONS = YES;
				CLANG_WARN_DIRECT_OBJC_ISA_USAGE = YES_ERROR;
				CLANG_WARN_DOCUMENTATION_COMMENTS = YES;
				CLANG_WARN_EMPTY_BODY = YES;
				CLANG_WARN_ENUM_CONVERSION = YES;
				CLANG_WARN_INFINITE_RECURSION = YES;
				CLANG_WARN_INT_CONVERSION = YES;
				CLANG_WARN_NON_LITERAL_NULL_CONVERSION = YES;
				CLANG_WARN_OBJC_IMPLICIT_RETAIN_SELF = YES;
				CLANG_WARN_OBJC_LITERAL_CONVERSION = YES;
				CLANG_WARN_OBJC_ROOT_CLASS = YES_ERROR;
				CLANG_WARN_RANGE_LOOP_ANALYSIS = YES;
				CLANG_WARN_STRICT_PROTOTYPES = YES;
				CLANG_WARN_SUSPICIOUS_MOVE = YES;
				CLANG_WARN_UNGUARDED_AVAILABILITY = YES_AGGRESSIVE;
				CLANG_WARN_UNREACHABLE_CODE = YES;
				CLANG_WARN__DUPLICATE_METHOD_MATCH = YES;
				CODE_SIGN_IDENTITY = "iPhone Developer";
				COPY_PHASE_STRIP = NO;
				DEBUG_INFORMATION_FORMAT = dwarf;
				ENABLE_STRICT_OBJC_MSGSEND = YES;
				ENABLE_TESTABILITY = YES;
				GCC_C_LANGUAGE_STANDARD = gnu11;
				GCC_DYNAMIC_NO_PIC = NO;
				GCC_NO_COMMON_BLOCKS = YES;
				GCC_OPTIMIZATION_LEVEL = 0;
				GCC_PREPROCESSOR_DEFINITIONS = (
					"DEBUG=1",
					"$(inherited)",
				);
				GCC_WARN_64_TO_32_BIT_CONVERSION = YES;
				GCC_WARN_ABOUT_RETURN_TYPE = YES_ERROR;
				GCC_WARN_UNDECLARED_SELECTOR = YES;
				GCC_WARN_UNINITIALIZED_AUTOS = YES_AGGRESSIVE;
				GCC_WARN_UNUSED_FUNCTION = YES;
				GCC_WARN_UNUSED_VARIABLE = YES;
				IPHONEOS_DEPLOYMENT_TARGET = 12.1;
				MTL_ENABLE_DEBUG_INFO = INCLUDE_SOURCE;
				MTL_FAST_MATH = YES;
				ONLY_ACTIVE_ARCH = YES;
				SDKROOT = iphoneos;
				SWIFT_ACTIVE_COMPILATION_CONDITIONS = DEBUG;
				SWIFT_OPTIMIZATION_LEVEL = "-Onone";
			};
			name = Debug;
		};
		5341136D2278898500B095A0 /* Release */ = {
			isa = XCBuildConfiguration;
			buildSettings = {
				ALWAYS_SEARCH_USER_PATHS = NO;
				CLANG_ANALYZER_NONNULL = YES;
				CLANG_ANALYZER_NUMBER_OBJECT_CONVERSION = YES_AGGRESSIVE;
				CLANG_CXX_LANGUAGE_STANDARD = "gnu++14";
				CLANG_CXX_LIBRARY = "libc++";
				CLANG_ENABLE_MODULES = YES;
				CLANG_ENABLE_OBJC_ARC = YES;
				CLANG_ENABLE_OBJC_WEAK = YES;
				CLANG_WARN_BLOCK_CAPTURE_AUTORELEASING = YES;
				CLANG_WARN_BOOL_CONVERSION = YES;
				CLANG_WARN_COMMA = YES;
				CLANG_WARN_CONSTANT_CONVERSION = YES;
				CLANG_WARN_DEPRECATED_OBJC_IMPLEMENTATIONS = YES;
				CLANG_WARN_DIRECT_OBJC_ISA_USAGE = YES_ERROR;
				CLANG_WARN_DOCUMENTATION_COMMENTS = YES;
				CLANG_WARN_EMPTY_BODY = YES;
				CLANG_WARN_ENUM_CONVERSION = YES;
				CLANG_WARN_INFINITE_RECURSION = YES;
				CLANG_WARN_INT_CONVERSION = YES;
				CLANG_WARN_NON_LITERAL_NULL_CONVERSION = YES;
				CLANG_WARN_OBJC_IMPLICIT_RETAIN_SELF = YES;
				CLANG_WARN_OBJC_LITERAL_CONVERSION = YES;
				CLANG_WARN_OBJC_ROOT_CLASS = YES_ERROR;
				CLANG_WARN_RANGE_LOOP_ANALYSIS = YES;
				CLANG_WARN_STRICT_PROTOTYPES = YES;
				CLANG_WARN_SUSPICIOUS_MOVE = YES;
				CLANG_WARN_UNGUARDED_AVAILABILITY = YES_AGGRESSIVE;
				CLANG_WARN_UNREACHABLE_CODE = YES;
				CLANG_WARN__DUPLICATE_METHOD_MATCH = YES;
				CODE_SIGN_IDENTITY = "iPhone Developer";
				COPY_PHASE_STRIP = NO;
				DEBUG_INFORMATION_FORMAT = "dwarf-with-dsym";
				ENABLE_NS_ASSERTIONS = NO;
				ENABLE_STRICT_OBJC_MSGSEND = YES;
				GCC_C_LANGUAGE_STANDARD = gnu11;
				GCC_NO_COMMON_BLOCKS = YES;
				GCC_WARN_64_TO_32_BIT_CONVERSION = YES;
				GCC_WARN_ABOUT_RETURN_TYPE = YES_ERROR;
				GCC_WARN_UNDECLARED_SELECTOR = YES;
				GCC_WARN_UNINITIALIZED_AUTOS = YES_AGGRESSIVE;
				GCC_WARN_UNUSED_FUNCTION = YES;
				GCC_WARN_UNUSED_VARIABLE = YES;
				IPHONEOS_DEPLOYMENT_TARGET = 12.1;
				MTL_ENABLE_DEBUG_INFO = NO;
				MTL_FAST_MATH = YES;
				SDKROOT = iphoneos;
				SWIFT_COMPILATION_MODE = wholemodule;
				SWIFT_OPTIMIZATION_LEVEL = "-O";
				VALIDATE_PRODUCT = YES;
			};
			name = Release;
		};
		5341136F2278898500B095A0 /* Debug */ = {
			isa = XCBuildConfiguration;
			buildSettings = {
				ASSETCATALOG_COMPILER_APPICON_NAME = AppIcon;
				CODE_SIGN_STYLE = Automatic;
				INFOPLIST_FILE = WhetherInfo/Info.plist;
				LD_RUNPATH_SEARCH_PATHS = (
					"$(inherited)",
					"@executable_path/Frameworks",
				);
				PRODUCT_BUNDLE_IDENTIFIER = com.suraj.WhetherInfo;
				PRODUCT_NAME = "$(TARGET_NAME)";
				SWIFT_VERSION = 4.2;
				TARGETED_DEVICE_FAMILY = "1,2";
			};
			name = Debug;
		};
		534113702278898500B095A0 /* Release */ = {
			isa = XCBuildConfiguration;
			buildSettings = {
				ASSETCATALOG_COMPILER_APPICON_NAME = AppIcon;
				CODE_SIGN_STYLE = Automatic;
				INFOPLIST_FILE = WhetherInfo/Info.plist;
				LD_RUNPATH_SEARCH_PATHS = (
					"$(inherited)",
					"@executable_path/Frameworks",
				);
				PRODUCT_BUNDLE_IDENTIFIER = com.suraj.WhetherInfo;
				PRODUCT_NAME = "$(TARGET_NAME)";
				SWIFT_VERSION = 4.2;
				TARGETED_DEVICE_FAMILY = "1,2";
			};
			name = Release;
		};
		534113722278898500B095A0 /* Debug */ = {
			isa = XCBuildConfiguration;
			buildSettings = {
				ALWAYS_EMBED_SWIFT_STANDARD_LIBRARIES = YES;
				BUNDLE_LOADER = "$(TEST_HOST)";
				CODE_SIGN_STYLE = Automatic;
				INFOPLIST_FILE = WhetherInfoTests/Info.plist;
				LD_RUNPATH_SEARCH_PATHS = (
					"$(inherited)",
					"@executable_path/Frameworks",
					"@loader_path/Frameworks",
				);
				PRODUCT_BUNDLE_IDENTIFIER = com.suraj.WhetherInfoTests;
				PRODUCT_NAME = "$(TARGET_NAME)";
				SWIFT_VERSION = 4.2;
				TARGETED_DEVICE_FAMILY = "1,2";
				TEST_HOST = "$(BUILT_PRODUCTS_DIR)/WhetherInfo.app/WhetherInfo";
			};
			name = Debug;
		};
		534113732278898500B095A0 /* Release */ = {
			isa = XCBuildConfiguration;
			buildSettings = {
				ALWAYS_EMBED_SWIFT_STANDARD_LIBRARIES = YES;
				BUNDLE_LOADER = "$(TEST_HOST)";
				CODE_SIGN_STYLE = Automatic;
				INFOPLIST_FILE = WhetherInfoTests/Info.plist;
				LD_RUNPATH_SEARCH_PATHS = (
					"$(inherited)",
					"@executable_path/Frameworks",
					"@loader_path/Frameworks",
				);
				PRODUCT_BUNDLE_IDENTIFIER = com.suraj.WhetherInfoTests;
				PRODUCT_NAME = "$(TARGET_NAME)";
				SWIFT_VERSION = 4.2;
				TARGETED_DEVICE_FAMILY = "1,2";
				TEST_HOST = "$(BUILT_PRODUCTS_DIR)/WhetherInfo.app/WhetherInfo";
			};
			name = Release;
		};
		534113752278898500B095A0 /* Debug */ = {
			isa = XCBuildConfiguration;
			buildSettings = {
				ALWAYS_EMBED_SWIFT_STANDARD_LIBRARIES = YES;
				CODE_SIGN_STYLE = Automatic;
				INFOPLIST_FILE = WhetherInfoUITests/Info.plist;
				LD_RUNPATH_SEARCH_PATHS = (
					"$(inherited)",
					"@executable_path/Frameworks",
					"@loader_path/Frameworks",
				);
				PRODUCT_BUNDLE_IDENTIFIER = com.suraj.WhetherInfoUITests;
				PRODUCT_NAME = "$(TARGET_NAME)";
				SWIFT_VERSION = 4.2;
				TARGETED_DEVICE_FAMILY = "1,2";
				TEST_TARGET_NAME = WhetherInfo;
			};
			name = Debug;
		};
		534113762278898500B095A0 /* Release */ = {
			isa = XCBuildConfiguration;
			buildSettings = {
				ALWAYS_EMBED_SWIFT_STANDARD_LIBRARIES = YES;
				CODE_SIGN_STYLE = Automatic;
				INFOPLIST_FILE = WhetherInfoUITests/Info.plist;
				LD_RUNPATH_SEARCH_PATHS = (
					"$(inherited)",
					"@executable_path/Frameworks",
					"@loader_path/Frameworks",
				);
				PRODUCT_BUNDLE_IDENTIFIER = com.suraj.WhetherInfoUITests;
				PRODUCT_NAME = "$(TARGET_NAME)";
				SWIFT_VERSION = 4.2;
				TARGETED_DEVICE_FAMILY = "1,2";
				TEST_TARGET_NAME = WhetherInfo;
			};
			name = Release;
		};
/* End XCBuildConfiguration section */

/* Begin XCConfigurationList section */
		5341133E2278898300B095A0 /* Build configuration list for PBXProject "WhetherInfo" */ = {
			isa = XCConfigurationList;
			buildConfigurations = (
				5341136C2278898500B095A0 /* Debug */,
				5341136D2278898500B095A0 /* Release */,
			);
			defaultConfigurationIsVisible = 0;
			defaultConfigurationName = Release;
		};
		5341136E2278898500B095A0 /* Build configuration list for PBXNativeTarget "WhetherInfo" */ = {
			isa = XCConfigurationList;
			buildConfigurations = (
				5341136F2278898500B095A0 /* Debug */,
				534113702278898500B095A0 /* Release */,
			);
			defaultConfigurationIsVisible = 0;
			defaultConfigurationName = Release;
		};
		534113712278898500B095A0 /* Build configuration list for PBXNativeTarget "WhetherInfoTests" */ = {
			isa = XCConfigurationList;
			buildConfigurations = (
				534113722278898500B095A0 /* Debug */,
				534113732278898500B095A0 /* Release */,
			);
			defaultConfigurationIsVisible = 0;
			defaultConfigurationName = Release;
		};
		534113742278898500B095A0 /* Build configuration list for PBXNativeTarget "WhetherInfoUITests" */ = {
			isa = XCConfigurationList;
			buildConfigurations = (
				534113752278898500B095A0 /* Debug */,
				534113762278898500B095A0 /* Release */,
			);
			defaultConfigurationIsVisible = 0;
			defaultConfigurationName = Release;
		};
/* End XCConfigurationList section */

/* Begin XCVersionGroup section */
		5341134D2278898300B095A0 /* WhetherInfo.xcdatamodeld */ = {
			isa = XCVersionGroup;
			children = (
				5341134E2278898300B095A0 /* WhetherInfo.xcdatamodel */,
			);
			currentVersion = 5341134E2278898300B095A0 /* WhetherInfo.xcdatamodel */;
			path = WhetherInfo.xcdatamodeld;
			sourceTree = "<group>";
			versionGroupType = wrapper.xcdatamodel;
		};
/* End XCVersionGroup section */
	};
	rootObject = 5341133B2278898300B095A0 /* Project object */;
}
